// !$*UTF8*$!
{
	archiveVersion = 1;
	classes = {
	};
	objectVersion = 77;
	objects = {

/* Begin PBXContainerItemProxy section */
		DDDE550E2E4267F600AA71ED /* PBXContainerItemProxy */ = {
			isa = PBXContainerItemProxy;
			containerPortal = DDDE54F72E4267F500AA71ED /* Project object */;
			proxyType = 1;
			remoteGlobalIDString = DDDE54FE2E4267F500AA71ED;
			remoteInfo = SoundscapeLooper2;
		};
		DDDE55182E4267F600AA71ED /* PBXContainerItemProxy */ = {
			isa = PBXContainerItemProxy;
			containerPortal = DDDE54F72E4267F500AA71ED /* Project object */;
			proxyType = 1;
			remoteGlobalIDString = DDDE54FE2E4267F500AA71ED;
			remoteInfo = SoundscapeLooper2;
		};
/* End PBXContainerItemProxy section */

/* Begin PBXFileReference section */
		DDDE54FF2E4267F500AA71ED /* SoundscapeLooper2.app */ = {isa = PBXFileReference; explicitFileType = wrapper.application; includeInIndex = 0; path = SoundscapeLooper2.app; sourceTree = BUILT_PRODUCTS_DIR; };
		DDDE550D2E4267F600AA71ED /* SoundscapeLooper2Tests.xctest */ = {isa = PBXFileReference; explicitFileType = wrapper.cfbundle; includeInIndex = 0; path = SoundscapeLooper2Tests.xctest; sourceTree = BUILT_PRODUCTS_DIR; };
		DDDE55172E4267F600AA71ED /* SoundscapeLooper2UITests.xctest */ = {isa = PBXFileReference; explicitFileType = wrapper.cfbundle; includeInIndex = 0; path = SoundscapeLooper2UITests.xctest; sourceTree = BUILT_PRODUCTS_DIR; };
/* End PBXFileReference section */

/* Begin PBXFileSystemSynchronizedRootGroup section */
		DDDE55012E4267F500AA71ED /* SoundscapeLooper2 */ = {
			isa = PBXFileSystemSynchronizedRootGroup;
			path = SoundscapeLooper2;
			sourceTree = "<group>";
		};
		DDDE55102E4267F600AA71ED /* SoundscapeLooper2Tests */ = {
			isa = PBXFileSystemSynchronizedRootGroup;
			path = SoundscapeLooper2Tests;
			sourceTree = "<group>";
		};
		DDDE551A2E4267F600AA71ED /* SoundscapeLooper2UITests */ = {
			isa = PBXFileSystemSynchronizedRootGroup;
			path = SoundscapeLooper2UITests;
			sourceTree = "<group>";
		};
/* End PBXFileSystemSynchronizedRootGroup section */

/* Begin PBXFrameworksBuildPhase section */
		DDDE54FC2E4267F500AA71ED /* Frameworks */ = {
			isa = PBXFrameworksBuildPhase;
			buildActionMask = 2147483647;
			files = (
			);
			runOnlyForDeploymentPostprocessing = 0;
		};
		DDDE550A2E4267F600AA71ED /* Frameworks */ = {
			isa = PBXFrameworksBuildPhase;
			buildActionMask = 2147483647;
			files = (
			);
			runOnlyForDeploymentPostprocessing = 0;
		};
		DDDE55142E4267F600AA71ED /* Frameworks */ = {
			isa = PBXFrameworksBuildPhase;
			buildActionMask = 2147483647;
			files = (
			);
			runOnlyForDeploymentPostprocessing = 0;
		};
/* End PBXFrameworksBuildPhase section */

/* Begin PBXGroup section */
		DDDE54F62E4267F500AA71ED = {
			isa = PBXGroup;
			children = (
				DDDE55012E4267F500AA71ED /* SoundscapeLooper2 */,
				DDDE55102E4267F600AA71ED /* SoundscapeLooper2Tests */,
				DDDE551A2E4267F600AA71ED /* SoundscapeLooper2UITests */,
				DDDE55002E4267F500AA71ED /* Products */,
			);
			sourceTree = "<group>";
		};
		DDDE55002E4267F500AA71ED /* Products */ = {
			isa = PBXGroup;
			children = (
				DDDE54FF2E4267F500AA71ED /* SoundscapeLooper2.app */,
				DDDE550D2E4267F600AA71ED /* SoundscapeLooper2Tests.xctest */,
				DDDE55172E4267F600AA71ED /* SoundscapeLooper2UITests.xctest */,
			);
			name = Products;
			sourceTree = "<group>";
		};
/* End PBXGroup section */

/* Begin PBXNativeTarget section */
		DDDE54FE2E4267F500AA71ED /* SoundscapeLooper2 */ = {
			isa = PBXNativeTarget;
			buildConfigurationList = DDDE55212E4267F600AA71ED /* Build configuration list for PBXNativeTarget "SoundscapeLooper2" */;
			buildPhases = (
				DDDE54FB2E4267F500AA71ED /* Sources */,
				DDDE54FC2E4267F500AA71ED /* Frameworks */,
				DDDE54FD2E4267F500AA71ED /* Resources */,
			);
			buildRules = (
			);
			dependencies = (
			);
			fileSystemSynchronizedGroups = (
				DDDE55012E4267F500AA71ED /* SoundscapeLooper2 */,
			);
			name = SoundscapeLooper2;
			packageProductDependencies = (
			);
			productName = SoundscapeLooper2;
			productReference = DDDE54FF2E4267F500AA71ED /* SoundscapeLooper2.app */;
			productType = "com.apple.product-type.application";
		};
		DDDE550C2E4267F600AA71ED /* SoundscapeLooper2Tests */ = {
			isa = PBXNativeTarget;
			buildConfigurationList = DDDE55242E4267F600AA71ED /* Build configuration list for PBXNativeTarget "SoundscapeLooper2Tests" */;
			buildPhases = (
				DDDE55092E4267F600AA71ED /* Sources */,
				DDDE550A2E4267F600AA71ED /* Frameworks */,
				DDDE550B2E4267F600AA71ED /* Resources */,
			);
			buildRules = (
			);
			dependencies = (
				DDDE550F2E4267F600AA71ED /* PBXTargetDependency */,
			);
			fileSystemSynchronizedGroups = (
				DDDE55102E4267F600AA71ED /* SoundscapeLooper2Tests */,
			);
			name = SoundscapeLooper2Tests;
			packageProductDependencies = (
			);
			productName = SoundscapeLooper2Tests;
			productReference = DDDE550D2E4267F600AA71ED /* SoundscapeLooper2Tests.xctest */;
			productType = "com.apple.product-type.bundle.unit-test";
		};
		DDDE55162E4267F600AA71ED /* SoundscapeLooper2UITests */ = {
			isa = PBXNativeTarget;
			buildConfigurationList = DDDE55272E4267F600AA71ED /* Build configuration list for PBXNativeTarget "SoundscapeLooper2UITests" */;
			buildPhases = (
				DDDE55132E4267F600AA71ED /* Sources */,
				DDDE55142E4267F600AA71ED /* Frameworks */,
				DDDE55152E4267F600AA71ED /* Resources */,
			);
			buildRules = (
			);
			dependencies = (
				DDDE55192E4267F600AA71ED /* PBXTargetDependency */,
			);
			fileSystemSynchronizedGroups = (
				DDDE551A2E4267F600AA71ED /* SoundscapeLooper2UITests */,
			);
			name = SoundscapeLooper2UITests;
			packageProductDependencies = (
			);
			productName = SoundscapeLooper2UITests;
			productReference = DDDE55172E4267F600AA71ED /* SoundscapeLooper2UITests.xctest */;
			productType = "com.apple.product-type.bundle.ui-testing";
		};
/* End PBXNativeTarget section */

/* Begin PBXProject section */
		DDDE54F72E4267F500AA71ED /* Project object */ = {
			isa = PBXProject;
			attributes = {
				BuildIndependentTargetsInParallel = 1;
				LastSwiftUpdateCheck = 1630;
				LastUpgradeCheck = 1630;
				TargetAttributes = {
					DDDE54FE2E4267F500AA71ED = {
						CreatedOnToolsVersion = 16.3;
					};
					DDDE550C2E4267F600AA71ED = {
						CreatedOnToolsVersion = 16.3;
						TestTargetID = DDDE54FE2E4267F500AA71ED;
					};
					DDDE55162E4267F600AA71ED = {
						CreatedOnToolsVersion = 16.3;
						TestTargetID = DDDE54FE2E4267F500AA71ED;
					};
				};
			};
			buildConfigurationList = DDDE54FA2E4267F500AA71ED /* Build configuration list for PBXProject "SoundscapeLooper2" */;
			developmentRegion = en;
			hasScannedForEncodings = 0;
			knownRegions = (
				en,
				Base,
			);
			mainGroup = DDDE54F62E4267F500AA71ED;
			minimizedProjectReferenceProxies = 1;
			preferredProjectObjectVersion = 77;
			productRefGroup = DDDE55002E4267F500AA71ED /* Products */;
			projectDirPath = "";
			projectRoot = "";
			targets = (
				DDDE54FE2E4267F500AA71ED /* SoundscapeLooper2 */,
				DDDE550C2E4267F600AA71ED /* SoundscapeLooper2Tests */,
				DDDE55162E4267F600AA71ED /* SoundscapeLooper2UITests */,
			);
		};
/* End PBXProject section */

/* Begin PBXResourcesBuildPhase section */
		DDDE54FD2E4267F500AA71ED /* Resources */ = {
			isa = PBXResourcesBuildPhase;
			buildActionMask = 2147483647;
			files = (
			);
			runOnlyForDeploymentPostprocessing = 0;
		};
		DDDE550B2E4267F600AA71ED /* Resources */ = {
			isa = PBXResourcesBuildPhase;
			buildActionMask = 2147483647;
			files = (
			);
			runOnlyForDeploymentPostprocessing = 0;
		};
		DDDE55152E4267F600AA71ED /* Resources */ = {
			isa = PBXResourcesBuildPhase;
			buildActionMask = 2147483647;
			files = (
			);
			runOnlyForDeploymentPostprocessing = 0;
		};
/* End PBXResourcesBuildPhase section */

/* Begin PBXSourcesBuildPhase section */
		DDDE54FB2E4267F500AA71ED /* Sources */ = {
			isa = PBXSourcesBuildPhase;
			buildActionMask = 2147483647;
			files = (
			);
			runOnlyForDeploymentPostprocessing = 0;
		};
		DDDE55092E4267F600AA71ED /* Sources */ = {
			isa = PBXSourcesBuildPhase;
			buildActionMask = 2147483647;
			files = (
			);
			runOnlyForDeploymentPostprocessing = 0;
		};
		DDDE55132E4267F600AA71ED /* Sources */ = {
			isa = PBXSourcesBuildPhase;
			buildActionMask = 2147483647;
			files = (
			);
			runOnlyForDeploymentPostprocessing = 0;
		};
/* End PBXSourcesBuildPhase section */

/* Begin PBXTargetDependency section */
		DDDE550F2E4267F600AA71ED /* PBXTargetDependency */ = {
			isa = PBXTargetDependency;
			target = DDDE54FE2E4267F500AA71ED /* SoundscapeLooper2 */;
			targetProxy = DDDE550E2E4267F600AA71ED /* PBXContainerItemProxy */;
		};
		DDDE55192E4267F600AA71ED /* PBXTargetDependency */ = {
			isa = PBXTargetDependency;
			target = DDDE54FE2E4267F500AA71ED /* SoundscapeLooper2 */;
			targetProxy = DDDE55182E4267F600AA71ED /* PBXContainerItemProxy */;
		};
/* End PBXTargetDependency section */

/* Begin XCBuildConfiguration section */
		DDDE551F2E4267F600AA71ED /* Debug */ = {
			isa = XCBuildConfiguration;
			buildSettings = {
				ALWAYS_SEARCH_USER_PATHS = NO;
				ASSETCATALOG_COMPILER_GENERATE_SWIFT_ASSET_SYMBOL_EXTENSIONS = YES;
				CLANG_ANALYZER_NONNULL = YES;
				CLANG_ANALYZER_NUMBER_OBJECT_CONVERSION = YES_AGGRESSIVE;
				CLANG_CXX_LANGUAGE_STANDARD = "gnu++20";
				CLANG_ENABLE_MODULES = YES;
				CLANG_ENABLE_OBJC_ARC = YES;
				CLANG_ENABLE_OBJC_WEAK = YES;
				CLANG_WARN_BLOCK_CAPTURE_AUTORELEASING = YES;
				CLANG_WARN_BOOL_CONVERSION = YES;
				CLANG_WARN_COMMA = YES;
				CLANG_WARN_CONSTANT_CONVERSION = YES;
				CLANG_WARN_DEPRECATED_OBJC_IMPLEMENTATIONS = YES;
				CLANG_WARN_DIRECT_OBJC_ISA_USAGE = YES_ERROR;
				CLANG_WARN_DOCUMENTATION_COMMENTS = YES;
				CLANG_WARN_EMPTY_BODY = YES;
				CLANG_WARN_ENUM_CONVERSION = YES;
				CLANG_WARN_INFINITE_RECURSION = YES;
				CLANG_WARN_INT_CONVERSION = YES;
				CLANG_WARN_NON_LITERAL_NULL_CONVERSION = YES;
				CLANG_WARN_OBJC_IMPLICIT_RETAIN_SELF = YES;
				CLANG_WARN_OBJC_LITERAL_CONVERSION = YES;
				CLANG_WARN_OBJC_ROOT_CLASS = YES_ERROR;
				CLANG_WARN_QUOTED_INCLUDE_IN_FRAMEWORK_HEADER = YES;
				CLANG_WARN_RANGE_LOOP_ANALYSIS = YES;
				CLANG_WARN_STRICT_PROTOTYPES = YES;
				CLANG_WARN_SUSPICIOUS_MOVE = YES;
				CLANG_WARN_UNGUARDED_AVAILABILITY = YES_AGGRESSIVE;
				CLANG_WARN_UNREACHABLE_CODE = YES;
				CLANG_WARN__DUPLICATE_METHOD_MATCH = YES;
				COPY_PHASE_STRIP = NO;
				DEBUG_INFORMATION_FORMAT = dwarf;
				DEVELOPMENT_TEAM = 5R2D4Y969H;
				ENABLE_STRICT_OBJC_MSGSEND = YES;
				ENABLE_TESTABILITY = YES;
				ENABLE_USER_SCRIPT_SANDBOXING = YES;
				GCC_C_LANGUAGE_STANDARD = gnu17;
				GCC_DYNAMIC_NO_PIC = NO;
				GCC_NO_COMMON_BLOCKS = YES;
				GCC_OPTIMIZATION_LEVEL = 0;
				GCC_PREPROCESSOR_DEFINITIONS = (
					"DEBUG=1",
					"$(inherited)",
				);
				GCC_WARN_64_TO_32_BIT_CONVERSION = YES;
				GCC_WARN_ABOUT_RETURN_TYPE = YES_ERROR;
				GCC_WARN_UNDECLARED_SELECTOR = YES;
				GCC_WARN_UNINITIALIZED_AUTOS = YES_AGGRESSIVE;
				GCC_WARN_UNUSED_FUNCTION = YES;
				GCC_WARN_UNUSED_VARIABLE = YES;
				LOCALIZATION_PREFERS_STRING_CATALOGS = YES;
				MACOSX_DEPLOYMENT_TARGET = 15.4;
				MTL_ENABLE_DEBUG_INFO = INCLUDE_SOURCE;
				MTL_FAST_MATH = YES;
				ONLY_ACTIVE_ARCH = YES;
				SDKROOT = macosx;
				SWIFT_ACTIVE_COMPILATION_CONDITIONS = "DEBUG $(inherited)";
				SWIFT_OPTIMIZATION_LEVEL = "-Onone";
			};
			name = Debug;
		};
		DDDE55202E4267F600AA71ED /* Release */ = {
			isa = XCBuildConfiguration;
			buildSettings = {
				ALWAYS_SEARCH_USER_PATHS = NO;
				ASSETCATALOG_COMPILER_GENERATE_SWIFT_ASSET_SYMBOL_EXTENSIONS = YES;
				CLANG_ANALYZER_NONNULL = YES;
				CLANG_ANALYZER_NUMBER_OBJECT_CONVERSION = YES_AGGRESSIVE;
				CLANG_CXX_LANGUAGE_STANDARD = "gnu++20";
				CLANG_ENABLE_MODULES = YES;
				CLANG_ENABLE_OBJC_ARC = YES;
				CLANG_ENABLE_OBJC_WEAK = YES;
				CLANG_WARN_BLOCK_CAPTURE_AUTORELEASING = YES;
				CLANG_WARN_BOOL_CONVERSION = YES;
				CLANG_WARN_COMMA = YES;
				CLANG_WARN_CONSTANT_CONVERSION = YES;
				CLANG_WARN_DEPRECATED_OBJC_IMPLEMENTATIONS = YES;
				CLANG_WARN_DIRECT_OBJC_ISA_USAGE = YES_ERROR;
				CLANG_WARN_DOCUMENTATION_COMMENTS = YES;
				CLANG_WARN_EMPTY_BODY = YES;
				CLANG_WARN_ENUM_CONVERSION = YES;
				CLANG_WARN_INFINITE_RECURSION = YES;
				CLANG_WARN_INT_CONVERSION = YES;
				CLANG_WARN_NON_LITERAL_NULL_CONVERSION = YES;
				CLANG_WARN_OBJC_IMPLICIT_RETAIN_SELF = YES;
				CLANG_WARN_OBJC_LITERAL_CONVERSION = YES;
				CLANG_WARN_OBJC_ROOT_CLASS = YES_ERROR;
				CLANG_WARN_QUOTED_INCLUDE_IN_FRAMEWORK_HEADER = YES;
				CLANG_WARN_RANGE_LOOP_ANALYSIS = YES;
				CLANG_WARN_STRICT_PROTOTYPES = YES;
				CLANG_WARN_SUSPICIOUS_MOVE = YES;
				CLANG_WARN_UNGUARDED_AVAILABILITY = YES_AGGRESSIVE;
				CLANG_WARN_UNREACHABLE_CODE = YES;
				CLANG_WARN__DUPLICATE_METHOD_MATCH = YES;
				COPY_PHASE_STRIP = NO;
				DEBUG_INFORMATION_FORMAT = "dwarf-with-dsym";
				DEVELOPMENT_TEAM = 5R2D4Y969H;
				ENABLE_NS_ASSERTIONS = NO;
				ENABLE_STRICT_OBJC_MSGSEND = YES;
				ENABLE_USER_SCRIPT_SANDBOXING = YES;
				GCC_C_LANGUAGE_STANDARD = gnu17;
				GCC_NO_COMMON_BLOCKS = YES;
				GCC_WARN_64_TO_32_BIT_CONVERSION = YES;
				GCC_WARN_ABOUT_RETURN_TYPE = YES_ERROR;
				GCC_WARN_UNDECLARED_SELECTOR = YES;
				GCC_WARN_UNINITIALIZED_AUTOS = YES_AGGRESSIVE;
				GCC_WARN_UNUSED_FUNCTION = YES;
				GCC_WARN_UNUSED_VARIABLE = YES;
				LOCALIZATION_PREFERS_STRING_CATALOGS = YES;
				MACOSX_DEPLOYMENT_TARGET = 15.4;
				MTL_ENABLE_DEBUG_INFO = NO;
				MTL_FAST_MATH = YES;
				SDKROOT = macosx;
				SWIFT_COMPILATION_MODE = wholemodule;
			};
			name = Release;
		};
		DDDE55222E4267F600AA71ED /* Debug */ = {
			isa = XCBuildConfiguration;
			buildSettings = {
				ASSETCATALOG_COMPILER_APPICON_NAME = AppIcon;
				ASSETCATALOG_COMPILER_GLOBAL_ACCENT_COLOR_NAME = AccentColor;
				CODE_SIGN_ENTITLEMENTS = SoundscapeLooper2/SoundscapeLooper2.entitlements;
				CODE_SIGN_STYLE = Automatic;
				COMBINE_HIDPI_IMAGES = YES;
				CURRENT_PROJECT_VERSION = 1;
				DEVELOPMENT_TEAM = 5R2D4Y969H;
				ENABLE_HARDENED_RUNTIME = YES;
				ENABLE_PREVIEWS = YES;
				GENERATE_INFOPLIST_FILE = YES;
				INFOPLIST_KEY_NSHumanReadableCopyright = "";
				LD_RUNPATH_SEARCH_PATHS = (
					"$(inherited)",
					"@executable_path/../Frameworks",
				);
				MARKETING_VERSION = 1.0;
				PRODUCT_BUNDLE_IDENTIFIER = AOTondra.SoundscapeLooper2;
				PRODUCT_NAME = "$(TARGET_NAME)";
				REGISTER_APP_GROUPS = YES;
				SWIFT_EMIT_LOC_STRINGS = YES;
				SWIFT_VERSION = 5.0;
			};
			name = Debug;
		};
		DDDE55232E4267F600AA71ED /* Release */ = {
			isa = XCBuildConfiguration;
			buildSettings = {
				ASSETCATALOG_COMPILER_APPICON_NAME = AppIcon;
				ASSETCATALOG_COMPILER_GLOBAL_ACCENT_COLOR_NAME = AccentColor;
				CODE_SIGN_ENTITLEMENTS = SoundscapeLooper2/SoundscapeLooper2.entitlements;
				CODE_SIGN_STYLE = Automatic;
				COMBINE_HIDPI_IMAGES = YES;
				CURRENT_PROJECT_VERSION = 1;
				DEVELOPMENT_TEAM = 5R2D4Y969H;
				ENABLE_HARDENED_RUNTIME = YES;
				ENABLE_PREVIEWS = YES;
				GENERATE_INFOPLIST_FILE = YES;
				INFOPLIST_KEY_NSHumanReadableCopyright = "";
				LD_RUNPATH_SEARCH_PATHS = (
					"$(inherited)",
					"@executable_path/../Frameworks",
				);
				MARKETING_VERSION = 1.0;
				PRODUCT_BUNDLE_IDENTIFIER = AOTondra.SoundscapeLooper2;
				PRODUCT_NAME = "$(TARGET_NAME)";
				REGISTER_APP_GROUPS = YES;
				SWIFT_EMIT_LOC_STRINGS = YES;
				SWIFT_VERSION = 5.0;
			};
			name = Release;
		};
		DDDE55252E4267F600AA71ED /* Debug */ = {
			isa = XCBuildConfiguration;
			buildSettings = {
				BUNDLE_LOADER = "$(TEST_HOST)";
				CODE_SIGN_STYLE = Automatic;
				CURRENT_PROJECT_VERSION = 1;
				DEVELOPMENT_TEAM = 5R2D4Y969H;
				GENERATE_INFOPLIST_FILE = YES;
				MACOSX_DEPLOYMENT_TARGET = 15.4;
				MARKETING_VERSION = 1.0;
				PRODUCT_BUNDLE_IDENTIFIER = AOTondra.SoundscapeLooper2Tests;
				PRODUCT_NAME = "$(TARGET_NAME)";
				SWIFT_EMIT_LOC_STRINGS = NO;
				SWIFT_VERSION = 5.0;
				TEST_HOST = "$(BUILT_PRODUCTS_DIR)/SoundscapeLooper2.app/$(BUNDLE_EXECUTABLE_FOLDER_PATH)/SoundscapeLooper2";
			};
			name = Debug;
		};
		DDDE55262E4267F600AA71ED /* Release */ = {
			isa = XCBuildConfiguration;
			buildSettings = {
				BUNDLE_LOADER = "$(TEST_HOST)";
				CODE_SIGN_STYLE = Automatic;
				CURRENT_PROJECT_VERSION = 1;
				DEVELOPMENT_TEAM = 5R2D4Y969H;
				GENERATE_INFOPLIST_FILE = YES;
				MACOSX_DEPLOYMENT_TARGET = 15.4;
				MARKETING_VERSION = 1.0;
				PRODUCT_BUNDLE_IDENTIFIER = AOTondra.SoundscapeLooper2Tests;
				PRODUCT_NAME = "$(TARGET_NAME)";
				SWIFT_EMIT_LOC_STRINGS = NO;
				SWIFT_VERSION = 5.0;
				TEST_HOST = "$(BUILT_PRODUCTS_DIR)/SoundscapeLooper2.app/$(BUNDLE_EXECUTABLE_FOLDER_PATH)/SoundscapeLooper2";
			};
			name = Release;
		};
		DDDE55282E4267F600AA71ED /* Debug */ = {
			isa = XCBuildConfiguration;
			buildSettings = {
				CODE_SIGN_STYLE = Automatic;
				CURRENT_PROJECT_VERSION = 1;
				DEVELOPMENT_TEAM = 5R2D4Y969H;
				GENERATE_INFOPLIST_FILE = YES;
				MARKETING_VERSION = 1.0;
				PRODUCT_BUNDLE_IDENTIFIER = AOTondra.SoundscapeLooper2UITests;
				PRODUCT_NAME = "$(TARGET_NAME)";
				SWIFT_EMIT_LOC_STRINGS = NO;
				SWIFT_VERSION = 5.0;
				TEST_TARGET_NAME = SoundscapeLooper2;
			};
			name = Debug;
		};
		DDDE55292E4267F600AA71ED /* Release */ = {
			isa = XCBuildConfiguration;
			buildSettings = {
				CODE_SIGN_STYLE = Automatic;
				CURRENT_PROJECT_VERSION = 1;
				DEVELOPMENT_TEAM = 5R2D4Y969H;
				GENERATE_INFOPLIST_FILE = YES;
				MARKETING_VERSION = 1.0;
				PRODUCT_BUNDLE_IDENTIFIER = AOTondra.SoundscapeLooper2UITests;
				PRODUCT_NAME = "$(TARGET_NAME)";
				SWIFT_EMIT_LOC_STRINGS = NO;
				SWIFT_VERSION = 5.0;
				TEST_TARGET_NAME = SoundscapeLooper2;
			};
			name = Release;
		};
/* End XCBuildConfiguration section */

/* Begin XCConfigurationList section */
		DDDE54FA2E4267F500AA71ED /* Build configuration list for PBXProject "SoundscapeLooper2" */ = {
			isa = XCConfigurationList;
			buildConfigurations = (
				DDDE551F2E4267F600AA71ED /* Debug */,
				DDDE55202E4267F600AA71ED /* Release */,
			);
			defaultConfigurationIsVisible = 0;
			defaultConfigurationName = Release;
		};
		DDDE55212E4267F600AA71ED /* Build configuration list for PBXNativeTarget "SoundscapeLooper2" */ = {
			isa = XCConfigurationList;
			buildConfigurations = (
				DDDE55222E4267F600AA71ED /* Debug */,
				DDDE55232E4267F600AA71ED /* Release */,
			);
			defaultConfigurationIsVisible = 0;
			defaultConfigurationName = Release;
		};
		DDDE55242E4267F600AA71ED /* Build configuration list for PBXNativeTarget "SoundscapeLooper2Tests" */ = {
			isa = XCConfigurationList;
			buildConfigurations = (
				DDDE55252E4267F600AA71ED /* Debug */,
				DDDE55262E4267F600AA71ED /* Release */,
			);
			defaultConfigurationIsVisible = 0;
			defaultConfigurationName = Release;
		};
		DDDE55272E4267F600AA71ED /* Build configuration list for PBXNativeTarget "SoundscapeLooper2UITests" */ = {
			isa = XCConfigurationList;
			buildConfigurations = (
				DDDE55282E4267F600AA71ED /* Debug */,
				DDDE55292E4267F600AA71ED /* Release */,
			);
			defaultConfigurationIsVisible = 0;
			defaultConfigurationName = Release;
		};
/* End XCConfigurationList section */
	};
	rootObject = DDDE54F72E4267F500AA71ED /* Project object */;
}
